// !$*UTF8*$!
{
	archiveVersion = 1;
	classes = {
	};
	objectVersion = 46;
	objects = {

/* Begin PBXBuildFile section */
		17B7B6A79D886003F38C6AFD /* libPods-TESwift.a in Frameworks */ = {isa = PBXBuildFile; fileRef = 1A9F6D5AE2D253809E040388 /* libPods-TESwift.a */; };
		180EDA1F1E0122A70065BF6B /* SocialConnectViewController.swift in Sources */ = {isa = PBXBuildFile; fileRef = 180EDA1E1E0122A70065BF6B /* SocialConnectViewController.swift */; };
		180EDA211E0135320065BF6B /* SocialLoginViewController.swift in Sources */ = {isa = PBXBuildFile; fileRef = 180EDA201E0135320065BF6B /* SocialLoginViewController.swift */; };
		180EDA2D1E01765D0065BF6B /* UIImage+ResizeAndFitImage.m in Sources */ = {isa = PBXBuildFile; fileRef = 180EDA291E01765D0065BF6B /* UIImage+ResizeAndFitImage.m */; };
		180EDA2F1E01765D0065BF6B /* UIImageView+Utilities.swift in Sources */ = {isa = PBXBuildFile; fileRef = 180EDA2C1E01765D0065BF6B /* UIImageView+Utilities.swift */; };
		184C42591DFA983F001B576A /* LogInViewController.swift in Sources */ = {isa = PBXBuildFile; fileRef = 184C42581DFA983F001B576A /* LogInViewController.swift */; };
		186A23AE1DF9431E005E78D2 /* AppDelegate.swift in Sources */ = {isa = PBXBuildFile; fileRef = 186A23AD1DF9431E005E78D2 /* AppDelegate.swift */; };
		186A23B81DF9431E005E78D2 /* Assets.xcassets in Resources */ = {isa = PBXBuildFile; fileRef = 186A23B71DF9431E005E78D2 /* Assets.xcassets */; };
		1878C8231DF9491C00DAC10E /* LaunchScreen.storyboard in Resources */ = {isa = PBXBuildFile; fileRef = 1878C81F1DF9491C00DAC10E /* LaunchScreen.storyboard */; };
		1878C8241DF9491C00DAC10E /* Main.storyboard in Resources */ = {isa = PBXBuildFile; fileRef = 1878C8211DF9491C00DAC10E /* Main.storyboard */; };
		187E7D871DFEC75D00896C18 /* CommonSetting.swift in Sources */ = {isa = PBXBuildFile; fileRef = 187E7D861DFEC75D00896C18 /* CommonSetting.swift */; };
		1888E9601E000D6500AC5575 /* String+Utilities.swift in Sources */ = {isa = PBXBuildFile; fileRef = 1888E95F1E000D6500AC5575 /* String+Utilities.swift */; };
		1888E9621E000D9100AC5575 /* NSDictionary+Utility.swift in Sources */ = {isa = PBXBuildFile; fileRef = 1888E9611E000D9100AC5575 /* NSDictionary+Utility.swift */; };
		1888E9661E00139800AC5575 /* UIColor+Utilities.swift in Sources */ = {isa = PBXBuildFile; fileRef = 1888E9651E00139800AC5575 /* UIColor+Utilities.swift */; };
		188C8EB21DF979C300C2D52E /* AFHTTPSessionManager.m in Sources */ = {isa = PBXBuildFile; fileRef = 188C8E911DF979C300C2D52E /* AFHTTPSessionManager.m */; };
		188C8EB31DF979C300C2D52E /* AFNetworkReachabilityManager.m in Sources */ = {isa = PBXBuildFile; fileRef = 188C8E941DF979C300C2D52E /* AFNetworkReachabilityManager.m */; };
		188C8EB41DF979C300C2D52E /* AFSecurityPolicy.m in Sources */ = {isa = PBXBuildFile; fileRef = 188C8E961DF979C300C2D52E /* AFSecurityPolicy.m */; };
		188C8EB51DF979C300C2D52E /* AFURLRequestSerialization.m in Sources */ = {isa = PBXBuildFile; fileRef = 188C8E981DF979C300C2D52E /* AFURLRequestSerialization.m */; };
		188C8EB61DF979C300C2D52E /* AFURLResponseSerialization.m in Sources */ = {isa = PBXBuildFile; fileRef = 188C8E9A1DF979C300C2D52E /* AFURLResponseSerialization.m */; };
		188C8EB71DF979C300C2D52E /* AFURLSessionManager.m in Sources */ = {isa = PBXBuildFile; fileRef = 188C8E9C1DF979C300C2D52E /* AFURLSessionManager.m */; };
		188C8EB81DF979C300C2D52E /* AFAutoPurgingImageCache.m in Sources */ = {isa = PBXBuildFile; fileRef = 188C8E9F1DF979C300C2D52E /* AFAutoPurgingImageCache.m */; };
		188C8EB91DF979C300C2D52E /* AFImageDownloader.m in Sources */ = {isa = PBXBuildFile; fileRef = 188C8EA11DF979C300C2D52E /* AFImageDownloader.m */; };
		188C8EBA1DF979C300C2D52E /* AFNetworkActivityIndicatorManager.m in Sources */ = {isa = PBXBuildFile; fileRef = 188C8EA31DF979C300C2D52E /* AFNetworkActivityIndicatorManager.m */; };
		188C8EBB1DF979C300C2D52E /* UIActivityIndicatorView+AFNetworking.m in Sources */ = {isa = PBXBuildFile; fileRef = 188C8EA51DF979C300C2D52E /* UIActivityIndicatorView+AFNetworking.m */; };
		188C8EBC1DF979C300C2D52E /* UIButton+AFNetworking.m in Sources */ = {isa = PBXBuildFile; fileRef = 188C8EA71DF979C300C2D52E /* UIButton+AFNetworking.m */; };
		188C8EBD1DF979C300C2D52E /* UIImageView+AFNetworking.m in Sources */ = {isa = PBXBuildFile; fileRef = 188C8EAA1DF979C300C2D52E /* UIImageView+AFNetworking.m */; };
		188C8EBE1DF979C300C2D52E /* UIProgressView+AFNetworking.m in Sources */ = {isa = PBXBuildFile; fileRef = 188C8EAD1DF979C300C2D52E /* UIProgressView+AFNetworking.m */; };
		188C8EBF1DF979C300C2D52E /* UIRefreshControl+AFNetworking.m in Sources */ = {isa = PBXBuildFile; fileRef = 188C8EAF1DF979C300C2D52E /* UIRefreshControl+AFNetworking.m */; };
		188C8EC01DF979C300C2D52E /* UIWebView+AFNetworking.m in Sources */ = {isa = PBXBuildFile; fileRef = 188C8EB11DF979C300C2D52E /* UIWebView+AFNetworking.m */; };
		188C8EC41DF97D6900C2D52E /* BaseViewController.swift in Sources */ = {isa = PBXBuildFile; fileRef = 188C8EC31DF97D6900C2D52E /* BaseViewController.swift */; };
		188FEAA91DFEB4ED00C8A181 /* Storyboard.storyboard in Resources */ = {isa = PBXBuildFile; fileRef = 188FEAA71DFEB4ED00C8A181 /* Storyboard.storyboard */; };
		188FEAAB1DFEB52F00C8A181 /* MyDashBoardViewController.swift in Sources */ = {isa = PBXBuildFile; fileRef = 188FEAAA1DFEB52F00C8A181 /* MyDashBoardViewController.swift */; };
		1892778F1E01784C000E2732 /* TESwift.xcdatamodeld in Sources */ = {isa = PBXBuildFile; fileRef = 1892778D1E01784C000E2732 /* TESwift.xcdatamodeld */; };
		189277921E0179A2000E2732 /* UserDetails+CoreDataClass.swift in Sources */ = {isa = PBXBuildFile; fileRef = 189277901E0179A2000E2732 /* UserDetails+CoreDataClass.swift */; };
		189277931E0179A2000E2732 /* UserDetails+CoreDataProperties.swift in Sources */ = {isa = PBXBuildFile; fileRef = 189277911E0179A2000E2732 /* UserDetails+CoreDataProperties.swift */; };
		189B54891DF9857D0091FDAD /* TEServiceCall.swift in Sources */ = {isa = PBXBuildFile; fileRef = 189B54881DF9857D0091FDAD /* TEServiceCall.swift */; };
		18C7DE461DFEED7A00D635BD /* LeftMenuViewController.swift in Sources */ = {isa = PBXBuildFile; fileRef = 18C7DE451DFEED7A00D635BD /* LeftMenuViewController.swift */; };
		18E7AD3C1E01386F00E1FC58 /* TESwiftModel.m in Sources */ = {isa = PBXBuildFile; fileRef = 18E7AD3B1E01386F00E1FC58 /* TESwiftModel.m */; };
		A1D555D61DFAF9B30077EF4E /* Constant.swift in Sources */ = {isa = PBXBuildFile; fileRef = A1D555D51DFAF9B30077EF4E /* Constant.swift */; };
		A1D555D81DFAFED60077EF4E /* SignUpViewController.swift in Sources */ = {isa = PBXBuildFile; fileRef = A1D555D71DFAFED60077EF4E /* SignUpViewController.swift */; };
/* End PBXBuildFile section */

/* Begin PBXFileReference section */
		180EDA1E1E0122A70065BF6B /* SocialConnectViewController.swift */ = {isa = PBXFileReference; fileEncoding = 4; lastKnownFileType = sourcecode.swift; path = SocialConnectViewController.swift; sourceTree = "<group>"; };
		180EDA201E0135320065BF6B /* SocialLoginViewController.swift */ = {isa = PBXFileReference; fileEncoding = 4; lastKnownFileType = sourcecode.swift; path = SocialLoginViewController.swift; sourceTree = "<group>"; };
		180EDA281E01765D0065BF6B /* UIImage+ResizeAndFitImage.h */ = {isa = PBXFileReference; fileEncoding = 4; lastKnownFileType = sourcecode.c.h; path = "UIImage+ResizeAndFitImage.h"; sourceTree = "<group>"; };
		180EDA291E01765D0065BF6B /* UIImage+ResizeAndFitImage.m */ = {isa = PBXFileReference; fileEncoding = 4; lastKnownFileType = sourcecode.c.objc; path = "UIImage+ResizeAndFitImage.m"; sourceTree = "<group>"; };
		180EDA2C1E01765D0065BF6B /* UIImageView+Utilities.swift */ = {isa = PBXFileReference; fileEncoding = 4; lastKnownFileType = sourcecode.swift; path = "UIImageView+Utilities.swift"; sourceTree = "<group>"; };
		184C42581DFA983F001B576A /* LogInViewController.swift */ = {isa = PBXFileReference; fileEncoding = 4; lastKnownFileType = sourcecode.swift; path = LogInViewController.swift; sourceTree = "<group>"; };
		186A23AA1DF9431E005E78D2 /* TESwift.app */ = {isa = PBXFileReference; explicitFileType = wrapper.application; includeInIndex = 0; path = TESwift.app; sourceTree = BUILT_PRODUCTS_DIR; };
		186A23AD1DF9431E005E78D2 /* AppDelegate.swift */ = {isa = PBXFileReference; lastKnownFileType = sourcecode.swift; path = AppDelegate.swift; sourceTree = "<group>"; };
		186A23B71DF9431E005E78D2 /* Assets.xcassets */ = {isa = PBXFileReference; lastKnownFileType = folder.assetcatalog; path = Assets.xcassets; sourceTree = "<group>"; };
		186A23BC1DF9431E005E78D2 /* Info.plist */ = {isa = PBXFileReference; lastKnownFileType = text.plist.xml; path = Info.plist; sourceTree = "<group>"; };
		1878C8201DF9491C00DAC10E /* Base */ = {isa = PBXFileReference; lastKnownFileType = file.storyboard; name = Base; path = LaunchScreen.storyboard; sourceTree = "<group>"; };
		1878C8221DF9491C00DAC10E /* Base */ = {isa = PBXFileReference; lastKnownFileType = file.storyboard; name = Base; path = Main.storyboard; sourceTree = "<group>"; };
		187E7D861DFEC75D00896C18 /* CommonSetting.swift */ = {isa = PBXFileReference; fileEncoding = 4; lastKnownFileType = sourcecode.swift; path = CommonSetting.swift; sourceTree = "<group>"; };
		1888E95F1E000D6500AC5575 /* String+Utilities.swift */ = {isa = PBXFileReference; fileEncoding = 4; lastKnownFileType = sourcecode.swift; path = "String+Utilities.swift"; sourceTree = "<group>"; };
		1888E9611E000D9100AC5575 /* NSDictionary+Utility.swift */ = {isa = PBXFileReference; fileEncoding = 4; lastKnownFileType = sourcecode.swift; path = "NSDictionary+Utility.swift"; sourceTree = "<group>"; };
		1888E9651E00139800AC5575 /* UIColor+Utilities.swift */ = {isa = PBXFileReference; fileEncoding = 4; lastKnownFileType = sourcecode.swift; path = "UIColor+Utilities.swift"; sourceTree = "<group>"; };
		188C8E901DF979C300C2D52E /* AFHTTPSessionManager.h */ = {isa = PBXFileReference; fileEncoding = 4; lastKnownFileType = sourcecode.c.h; path = AFHTTPSessionManager.h; sourceTree = "<group>"; };
		188C8E911DF979C300C2D52E /* AFHTTPSessionManager.m */ = {isa = PBXFileReference; fileEncoding = 4; lastKnownFileType = sourcecode.c.objc; path = AFHTTPSessionManager.m; sourceTree = "<group>"; };
		188C8E921DF979C300C2D52E /* AFNetworking.h */ = {isa = PBXFileReference; fileEncoding = 4; lastKnownFileType = sourcecode.c.h; path = AFNetworking.h; sourceTree = "<group>"; };
		188C8E931DF979C300C2D52E /* AFNetworkReachabilityManager.h */ = {isa = PBXFileReference; fileEncoding = 4; lastKnownFileType = sourcecode.c.h; path = AFNetworkReachabilityManager.h; sourceTree = "<group>"; };
		188C8E941DF979C300C2D52E /* AFNetworkReachabilityManager.m */ = {isa = PBXFileReference; fileEncoding = 4; lastKnownFileType = sourcecode.c.objc; path = AFNetworkReachabilityManager.m; sourceTree = "<group>"; };
		188C8E951DF979C300C2D52E /* AFSecurityPolicy.h */ = {isa = PBXFileReference; fileEncoding = 4; lastKnownFileType = sourcecode.c.h; path = AFSecurityPolicy.h; sourceTree = "<group>"; };
		188C8E961DF979C300C2D52E /* AFSecurityPolicy.m */ = {isa = PBXFileReference; fileEncoding = 4; lastKnownFileType = sourcecode.c.objc; path = AFSecurityPolicy.m; sourceTree = "<group>"; };
		188C8E971DF979C300C2D52E /* AFURLRequestSerialization.h */ = {isa = PBXFileReference; fileEncoding = 4; lastKnownFileType = sourcecode.c.h; path = AFURLRequestSerialization.h; sourceTree = "<group>"; };
		188C8E981DF979C300C2D52E /* AFURLRequestSerialization.m */ = {isa = PBXFileReference; fileEncoding = 4; lastKnownFileType = sourcecode.c.objc; path = AFURLRequestSerialization.m; sourceTree = "<group>"; };
		188C8E991DF979C300C2D52E /* AFURLResponseSerialization.h */ = {isa = PBXFileReference; fileEncoding = 4; lastKnownFileType = sourcecode.c.h; path = AFURLResponseSerialization.h; sourceTree = "<group>"; };
		188C8E9A1DF979C300C2D52E /* AFURLResponseSerialization.m */ = {isa = PBXFileReference; fileEncoding = 4; lastKnownFileType = sourcecode.c.objc; path = AFURLResponseSerialization.m; sourceTree = "<group>"; };
		188C8E9B1DF979C300C2D52E /* AFURLSessionManager.h */ = {isa = PBXFileReference; fileEncoding = 4; lastKnownFileType = sourcecode.c.h; path = AFURLSessionManager.h; sourceTree = "<group>"; };
		188C8E9C1DF979C300C2D52E /* AFURLSessionManager.m */ = {isa = PBXFileReference; fileEncoding = 4; lastKnownFileType = sourcecode.c.objc; path = AFURLSessionManager.m; sourceTree = "<group>"; };
		188C8E9E1DF979C300C2D52E /* AFAutoPurgingImageCache.h */ = {isa = PBXFileReference; fileEncoding = 4; lastKnownFileType = sourcecode.c.h; path = AFAutoPurgingImageCache.h; sourceTree = "<group>"; };
		188C8E9F1DF979C300C2D52E /* AFAutoPurgingImageCache.m */ = {isa = PBXFileReference; fileEncoding = 4; lastKnownFileType = sourcecode.c.objc; path = AFAutoPurgingImageCache.m; sourceTree = "<group>"; };
		188C8EA01DF979C300C2D52E /* AFImageDownloader.h */ = {isa = PBXFileReference; fileEncoding = 4; lastKnownFileType = sourcecode.c.h; path = AFImageDownloader.h; sourceTree = "<group>"; };
		188C8EA11DF979C300C2D52E /* AFImageDownloader.m */ = {isa = PBXFileReference; fileEncoding = 4; lastKnownFileType = sourcecode.c.objc; path = AFImageDownloader.m; sourceTree = "<group>"; };
		188C8EA21DF979C300C2D52E /* AFNetworkActivityIndicatorManager.h */ = {isa = PBXFileReference; fileEncoding = 4; lastKnownFileType = sourcecode.c.h; path = AFNetworkActivityIndicatorManager.h; sourceTree = "<group>"; };
		188C8EA31DF979C300C2D52E /* AFNetworkActivityIndicatorManager.m */ = {isa = PBXFileReference; fileEncoding = 4; lastKnownFileType = sourcecode.c.objc; path = AFNetworkActivityIndicatorManager.m; sourceTree = "<group>"; };
		188C8EA41DF979C300C2D52E /* UIActivityIndicatorView+AFNetworking.h */ = {isa = PBXFileReference; fileEncoding = 4; lastKnownFileType = sourcecode.c.h; path = "UIActivityIndicatorView+AFNetworking.h"; sourceTree = "<group>"; };
		188C8EA51DF979C300C2D52E /* UIActivityIndicatorView+AFNetworking.m */ = {isa = PBXFileReference; fileEncoding = 4; lastKnownFileType = sourcecode.c.objc; path = "UIActivityIndicatorView+AFNetworking.m"; sourceTree = "<group>"; };
		188C8EA61DF979C300C2D52E /* UIButton+AFNetworking.h */ = {isa = PBXFileReference; fileEncoding = 4; lastKnownFileType = sourcecode.c.h; path = "UIButton+AFNetworking.h"; sourceTree = "<group>"; };
		188C8EA71DF979C300C2D52E /* UIButton+AFNetworking.m */ = {isa = PBXFileReference; fileEncoding = 4; lastKnownFileType = sourcecode.c.objc; path = "UIButton+AFNetworking.m"; sourceTree = "<group>"; };
		188C8EA81DF979C300C2D52E /* UIImage+AFNetworking.h */ = {isa = PBXFileReference; fileEncoding = 4; lastKnownFileType = sourcecode.c.h; path = "UIImage+AFNetworking.h"; sourceTree = "<group>"; };
		188C8EA91DF979C300C2D52E /* UIImageView+AFNetworking.h */ = {isa = PBXFileReference; fileEncoding = 4; lastKnownFileType = sourcecode.c.h; path = "UIImageView+AFNetworking.h"; sourceTree = "<group>"; };
		188C8EAA1DF979C300C2D52E /* UIImageView+AFNetworking.m */ = {isa = PBXFileReference; fileEncoding = 4; lastKnownFileType = sourcecode.c.objc; path = "UIImageView+AFNetworking.m"; sourceTree = "<group>"; };
		188C8EAB1DF979C300C2D52E /* UIKit+AFNetworking.h */ = {isa = PBXFileReference; fileEncoding = 4; lastKnownFileType = sourcecode.c.h; path = "UIKit+AFNetworking.h"; sourceTree = "<group>"; };
		188C8EAC1DF979C300C2D52E /* UIProgressView+AFNetworking.h */ = {isa = PBXFileReference; fileEncoding = 4; lastKnownFileType = sourcecode.c.h; path = "UIProgressView+AFNetworking.h"; sourceTree = "<group>"; };
		188C8EAD1DF979C300C2D52E /* UIProgressView+AFNetworking.m */ = {isa = PBXFileReference; fileEncoding = 4; lastKnownFileType = sourcecode.c.objc; path = "UIProgressView+AFNetworking.m"; sourceTree = "<group>"; };
		188C8EAE1DF979C300C2D52E /* UIRefreshControl+AFNetworking.h */ = {isa = PBXFileReference; fileEncoding = 4; lastKnownFileType = sourcecode.c.h; path = "UIRefreshControl+AFNetworking.h"; sourceTree = "<group>"; };
		188C8EAF1DF979C300C2D52E /* UIRefreshControl+AFNetworking.m */ = {isa = PBXFileReference; fileEncoding = 4; lastKnownFileType = sourcecode.c.objc; path = "UIRefreshControl+AFNetworking.m"; sourceTree = "<group>"; };
		188C8EB01DF979C300C2D52E /* UIWebView+AFNetworking.h */ = {isa = PBXFileReference; fileEncoding = 4; lastKnownFileType = sourcecode.c.h; path = "UIWebView+AFNetworking.h"; sourceTree = "<group>"; };
		188C8EB11DF979C300C2D52E /* UIWebView+AFNetworking.m */ = {isa = PBXFileReference; fileEncoding = 4; lastKnownFileType = sourcecode.c.objc; path = "UIWebView+AFNetworking.m"; sourceTree = "<group>"; };
		188C8EC31DF97D6900C2D52E /* BaseViewController.swift */ = {isa = PBXFileReference; fileEncoding = 4; lastKnownFileType = sourcecode.swift; path = BaseViewController.swift; sourceTree = "<group>"; };
		188FEAA81DFEB4ED00C8A181 /* Base */ = {isa = PBXFileReference; lastKnownFileType = file.storyboard; name = Base; path = Storyboard.storyboard; sourceTree = "<group>"; };
		188FEAAA1DFEB52F00C8A181 /* MyDashBoardViewController.swift */ = {isa = PBXFileReference; fileEncoding = 4; lastKnownFileType = sourcecode.swift; path = MyDashBoardViewController.swift; sourceTree = "<group>"; };
		1892778E1E01784C000E2732 /* TESwift.xcdatamodel */ = {isa = PBXFileReference; lastKnownFileType = wrapper.xcdatamodel; path = TESwift.xcdatamodel; sourceTree = "<group>"; };
		189277901E0179A2000E2732 /* UserDetails+CoreDataClass.swift */ = {isa = PBXFileReference; fileEncoding = 4; lastKnownFileType = sourcecode.swift; path = "UserDetails+CoreDataClass.swift"; sourceTree = "<group>"; };
		189277911E0179A2000E2732 /* UserDetails+CoreDataProperties.swift */ = {isa = PBXFileReference; fileEncoding = 4; lastKnownFileType = sourcecode.swift; path = "UserDetails+CoreDataProperties.swift"; sourceTree = "<group>"; };
		189B54881DF9857D0091FDAD /* TEServiceCall.swift */ = {isa = PBXFileReference; fileEncoding = 4; lastKnownFileType = sourcecode.swift; path = TEServiceCall.swift; sourceTree = "<group>"; };
		18C7DE451DFEED7A00D635BD /* LeftMenuViewController.swift */ = {isa = PBXFileReference; fileEncoding = 4; lastKnownFileType = sourcecode.swift; name = LeftMenuViewController.swift; path = TESwift/Controller/LeftMenuViewController.swift; sourceTree = SOURCE_ROOT; };
		18E37C7F1DF96E1F00E738DA /* TESwift-Bridging-Header.h */ = {isa = PBXFileReference; fileEncoding = 4; lastKnownFileType = sourcecode.c.h; path = "TESwift-Bridging-Header.h"; sourceTree = "<group>"; };
		18E7AD3A1E01386F00E1FC58 /* TESwiftModel.h */ = {isa = PBXFileReference; fileEncoding = 4; lastKnownFileType = sourcecode.c.h; path = TESwiftModel.h; sourceTree = "<group>"; };
		18E7AD3B1E01386F00E1FC58 /* TESwiftModel.m */ = {isa = PBXFileReference; fileEncoding = 4; lastKnownFileType = sourcecode.c.objc; path = TESwiftModel.m; sourceTree = "<group>"; };
		1A9F6D5AE2D253809E040388 /* libPods-TESwift.a */ = {isa = PBXFileReference; explicitFileType = archive.ar; includeInIndex = 0; path = "libPods-TESwift.a"; sourceTree = BUILT_PRODUCTS_DIR; };
		6BB637C563D0A7632130E645 /* Pods-TESwift.release.xcconfig */ = {isa = PBXFileReference; includeInIndex = 1; lastKnownFileType = text.xcconfig; name = "Pods-TESwift.release.xcconfig"; path = "Pods/Target Support Files/Pods-TESwift/Pods-TESwift.release.xcconfig"; sourceTree = "<group>"; };
		A1D555D51DFAF9B30077EF4E /* Constant.swift */ = {isa = PBXFileReference; fileEncoding = 4; lastKnownFileType = sourcecode.swift; path = Constant.swift; sourceTree = "<group>"; };
		A1D555D71DFAFED60077EF4E /* SignUpViewController.swift */ = {isa = PBXFileReference; fileEncoding = 4; lastKnownFileType = sourcecode.swift; name = SignUpViewController.swift; path = TESwift/Controller/SignUpViewController.swift; sourceTree = SOURCE_ROOT; };
		C9FEF4390619399CADF35F6A /* Pods-TESwift.debug.xcconfig */ = {isa = PBXFileReference; includeInIndex = 1; lastKnownFileType = text.xcconfig; name = "Pods-TESwift.debug.xcconfig"; path = "Pods/Target Support Files/Pods-TESwift/Pods-TESwift.debug.xcconfig"; sourceTree = "<group>"; };
/* End PBXFileReference section */

/* Begin PBXFrameworksBuildPhase section */
		186A23A71DF9431E005E78D2 /* Frameworks */ = {
			isa = PBXFrameworksBuildPhase;
			buildActionMask = 2147483647;
			files = (
				17B7B6A79D886003F38C6AFD /* libPods-TESwift.a in Frameworks */,
			);
			runOnlyForDeploymentPostprocessing = 0;
		};
/* End PBXFrameworksBuildPhase section */

/* Begin PBXGroup section */
		180EDA1B1E0121AC0065BF6B /* SocialConnect */ = {
			isa = PBXGroup;
			children = (
				180EDA1E1E0122A70065BF6B /* SocialConnectViewController.swift */,
				180EDA201E0135320065BF6B /* SocialLoginViewController.swift */,
			);
			path = SocialConnect;
			sourceTree = "<group>";
		};
		180EDA271E01765D0065BF6B /* UIImage */ = {
			isa = PBXGroup;
			children = (
				180EDA281E01765D0065BF6B /* UIImage+ResizeAndFitImage.h */,
				180EDA291E01765D0065BF6B /* UIImage+ResizeAndFitImage.m */,
				180EDA2C1E01765D0065BF6B /* UIImageView+Utilities.swift */,
			);
			path = UIImage;
			sourceTree = "<group>";
		};
		186A23A11DF9431E005E78D2 = {
			isa = PBXGroup;
			children = (
				186A23AC1DF9431E005E78D2 /* TESwift */,
				186A23AB1DF9431E005E78D2 /* Products */,
				DD6101464481FED89DA7017D /* Pods */,
				212A20BA2F8D1EE10C6B4E00 /* Frameworks */,
			);
			sourceTree = "<group>";
		};
		186A23AB1DF9431E005E78D2 /* Products */ = {
			isa = PBXGroup;
			children = (
				186A23AA1DF9431E005E78D2 /* TESwift.app */,
			);
			name = Products;
			sourceTree = "<group>";
		};
		186A23AC1DF9431E005E78D2 /* TESwift */ = {
			isa = PBXGroup;
			children = (
				1878C8181DF948B100DAC10E /* Model */,
				188C8E8E1DF979C300C2D52E /* Library */,
				1888E95E1E000D5100AC5575 /* Extensions */,
				1878C8161DF948B100DAC10E /* Controller */,
				1878C81B1DF948B100DAC10E /* View */,
				186A23AD1DF9431E005E78D2 /* AppDelegate.swift */,
				186A23B71DF9431E005E78D2 /* Assets.xcassets */,
				186A23BC1DF9431E005E78D2 /* Info.plist */,
				18E37C7F1DF96E1F00E738DA /* TESwift-Bridging-Header.h */,
			);
			path = TESwift;
			sourceTree = "<group>";
		};
		1878C8161DF948B100DAC10E /* Controller */ = {
			isa = PBXGroup;
			children = (
				180EDA1B1E0121AC0065BF6B /* SocialConnect */,
				188C8EC31DF97D6900C2D52E /* BaseViewController.swift */,
				184C42581DFA983F001B576A /* LogInViewController.swift */,
				A1D555D71DFAFED60077EF4E /* SignUpViewController.swift */,
				188FEAAA1DFEB52F00C8A181 /* MyDashBoardViewController.swift */,
				18C7DE451DFEED7A00D635BD /* LeftMenuViewController.swift */,
			);
			path = Controller;
			sourceTree = "<group>";
		};
		1878C8181DF948B100DAC10E /* Model */ = {
			isa = PBXGroup;
			children = (
				1892778D1E01784C000E2732 /* TESwift.xcdatamodeld */,
				18E7AD3A1E01386F00E1FC58 /* TESwiftModel.h */,
				18E7AD3B1E01386F00E1FC58 /* TESwiftModel.m */,
				189B54881DF9857D0091FDAD /* TEServiceCall.swift */,
				187E7D861DFEC75D00896C18 /* CommonSetting.swift */,
				189277901E0179A2000E2732 /* UserDetails+CoreDataClass.swift */,
				189277911E0179A2000E2732 /* UserDetails+CoreDataProperties.swift */,
			);
			path = Model;
			sourceTree = "<group>";
		};
		1878C81B1DF948B100DAC10E /* View */ = {
			isa = PBXGroup;
			children = (
				1878C81E1DF9491C00DAC10E /* Base.lproj */,
			);
			path = View;
			sourceTree = "<group>";
		};
		1878C81E1DF9491C00DAC10E /* Base.lproj */ = {
			isa = PBXGroup;
			children = (
				1878C81F1DF9491C00DAC10E /* LaunchScreen.storyboard */,
				188FEAA71DFEB4ED00C8A181 /* Storyboard.storyboard */,
				1878C8211DF9491C00DAC10E /* Main.storyboard */,
			);
			path = Base.lproj;
			sourceTree = "<group>";
		};
		1888E95E1E000D5100AC5575 /* Extensions */ = {
			isa = PBXGroup;
			children = (
				180EDA271E01765D0065BF6B /* UIImage */,
				1888E95F1E000D6500AC5575 /* String+Utilities.swift */,
				1888E9611E000D9100AC5575 /* NSDictionary+Utility.swift */,
				1888E9651E00139800AC5575 /* UIColor+Utilities.swift */,
			);
			path = Extensions;
			sourceTree = "<group>";
		};
		188C8E8E1DF979C300C2D52E /* Library */ = {
			isa = PBXGroup;
			children = (
				A1D555D51DFAF9B30077EF4E /* Constant.swift */,
				188C8E8F1DF979C300C2D52E /* AFNetworking */,
				188C8E9D1DF979C300C2D52E /* UIKit+AFNetworking */,
			);
			path = Library;
			sourceTree = "<group>";
		};
		188C8E8F1DF979C300C2D52E /* AFNetworking */ = {
			isa = PBXGroup;
			children = (
				188C8E901DF979C300C2D52E /* AFHTTPSessionManager.h */,
				188C8E911DF979C300C2D52E /* AFHTTPSessionManager.m */,
				188C8E921DF979C300C2D52E /* AFNetworking.h */,
				188C8E931DF979C300C2D52E /* AFNetworkReachabilityManager.h */,
				188C8E941DF979C300C2D52E /* AFNetworkReachabilityManager.m */,
				188C8E951DF979C300C2D52E /* AFSecurityPolicy.h */,
				188C8E961DF979C300C2D52E /* AFSecurityPolicy.m */,
				188C8E971DF979C300C2D52E /* AFURLRequestSerialization.h */,
				188C8E981DF979C300C2D52E /* AFURLRequestSerialization.m */,
				188C8E991DF979C300C2D52E /* AFURLResponseSerialization.h */,
				188C8E9A1DF979C300C2D52E /* AFURLResponseSerialization.m */,
				188C8E9B1DF979C300C2D52E /* AFURLSessionManager.h */,
				188C8E9C1DF979C300C2D52E /* AFURLSessionManager.m */,
			);
			path = AFNetworking;
			sourceTree = "<group>";
		};
		188C8E9D1DF979C300C2D52E /* UIKit+AFNetworking */ = {
			isa = PBXGroup;
			children = (
				188C8E9E1DF979C300C2D52E /* AFAutoPurgingImageCache.h */,
				188C8E9F1DF979C300C2D52E /* AFAutoPurgingImageCache.m */,
				188C8EA01DF979C300C2D52E /* AFImageDownloader.h */,
				188C8EA11DF979C300C2D52E /* AFImageDownloader.m */,
				188C8EA21DF979C300C2D52E /* AFNetworkActivityIndicatorManager.h */,
				188C8EA31DF979C300C2D52E /* AFNetworkActivityIndicatorManager.m */,
				188C8EA41DF979C300C2D52E /* UIActivityIndicatorView+AFNetworking.h */,
				188C8EA51DF979C300C2D52E /* UIActivityIndicatorView+AFNetworking.m */,
				188C8EA61DF979C300C2D52E /* UIButton+AFNetworking.h */,
				188C8EA71DF979C300C2D52E /* UIButton+AFNetworking.m */,
				188C8EA81DF979C300C2D52E /* UIImage+AFNetworking.h */,
				188C8EA91DF979C300C2D52E /* UIImageView+AFNetworking.h */,
				188C8EAA1DF979C300C2D52E /* UIImageView+AFNetworking.m */,
				188C8EAB1DF979C300C2D52E /* UIKit+AFNetworking.h */,
				188C8EAC1DF979C300C2D52E /* UIProgressView+AFNetworking.h */,
				188C8EAD1DF979C300C2D52E /* UIProgressView+AFNetworking.m */,
				188C8EAE1DF979C300C2D52E /* UIRefreshControl+AFNetworking.h */,
				188C8EAF1DF979C300C2D52E /* UIRefreshControl+AFNetworking.m */,
				188C8EB01DF979C300C2D52E /* UIWebView+AFNetworking.h */,
				188C8EB11DF979C300C2D52E /* UIWebView+AFNetworking.m */,
			);
			path = "UIKit+AFNetworking";
			sourceTree = "<group>";
		};
		212A20BA2F8D1EE10C6B4E00 /* Frameworks */ = {
			isa = PBXGroup;
			children = (
				1A9F6D5AE2D253809E040388 /* libPods-TESwift.a */,
			);
			name = Frameworks;
			sourceTree = "<group>";
		};
		DD6101464481FED89DA7017D /* Pods */ = {
			isa = PBXGroup;
			children = (
				C9FEF4390619399CADF35F6A /* Pods-TESwift.debug.xcconfig */,
				6BB637C563D0A7632130E645 /* Pods-TESwift.release.xcconfig */,
			);
			name = Pods;
			sourceTree = "<group>";
		};
/* End PBXGroup section */

/* Begin PBXNativeTarget section */
		186A23A91DF9431E005E78D2 /* TESwift */ = {
			isa = PBXNativeTarget;
			buildConfigurationList = 186A23BF1DF9431E005E78D2 /* Build configuration list for PBXNativeTarget "TESwift" */;
			buildPhases = (
				96D678CD2BFADE8E6BF8B23C /* [CP] Check Pods Manifest.lock */,
				186A23A61DF9431E005E78D2 /* Sources */,
				186A23A71DF9431E005E78D2 /* Frameworks */,
				186A23A81DF9431E005E78D2 /* Resources */,
				4F9C705725ADA61884BFA1DD /* [CP] Embed Pods Frameworks */,
				A12A13A836F2D72B5C8EF887 /* [CP] Copy Pods Resources */,
			);
			buildRules = (
			);
			dependencies = (
			);
			name = TESwift;
			productName = TESwift;
			productReference = 186A23AA1DF9431E005E78D2 /* TESwift.app */;
			productType = "com.apple.product-type.application";
		};
/* End PBXNativeTarget section */

/* Begin PBXProject section */
		186A23A21DF9431E005E78D2 /* Project object */ = {
			isa = PBXProject;
			attributes = {
				LastSwiftUpdateCheck = 0800;
				LastUpgradeCheck = 0800;
				ORGANIZATIONNAME = "V group Inc";
				TargetAttributes = {
					186A23A91DF9431E005E78D2 = {
						CreatedOnToolsVersion = 8.0;
						DevelopmentTeam = NQL478KXAA;
						LastSwiftMigration = 0800;
						ProvisioningStyle = Automatic;
					};
				};
			};
			buildConfigurationList = 186A23A51DF9431E005E78D2 /* Build configuration list for PBXProject "TESwift" */;
			compatibilityVersion = "Xcode 3.2";
			developmentRegion = English;
			hasScannedForEncodings = 0;
			knownRegions = (
				en,
				Base,
			);
			mainGroup = 186A23A11DF9431E005E78D2;
			productRefGroup = 186A23AB1DF9431E005E78D2 /* Products */;
			projectDirPath = "";
			projectRoot = "";
			targets = (
				186A23A91DF9431E005E78D2 /* TESwift */,
			);
		};
/* End PBXProject section */

/* Begin PBXResourcesBuildPhase section */
		186A23A81DF9431E005E78D2 /* Resources */ = {
			isa = PBXResourcesBuildPhase;
			buildActionMask = 2147483647;
			files = (
				1878C8241DF9491C00DAC10E /* Main.storyboard in Resources */,
				188FEAA91DFEB4ED00C8A181 /* Storyboard.storyboard in Resources */,
				186A23B81DF9431E005E78D2 /* Assets.xcassets in Resources */,
				1878C8231DF9491C00DAC10E /* LaunchScreen.storyboard in Resources */,
			);
			runOnlyForDeploymentPostprocessing = 0;
		};
/* End PBXResourcesBuildPhase section */

/* Begin PBXShellScriptBuildPhase section */
		4F9C705725ADA61884BFA1DD /* [CP] Embed Pods Frameworks */ = {
			isa = PBXShellScriptBuildPhase;
			buildActionMask = 2147483647;
			files = (
			);
			inputPaths = (
			);
			name = "[CP] Embed Pods Frameworks";
			outputPaths = (
			);
			runOnlyForDeploymentPostprocessing = 0;
			shellPath = /bin/sh;
			shellScript = "\"${SRCROOT}/Pods/Target Support Files/Pods-TESwift/Pods-TESwift-frameworks.sh\"\n";
			showEnvVarsInLog = 0;
		};
		96D678CD2BFADE8E6BF8B23C /* [CP] Check Pods Manifest.lock */ = {
			isa = PBXShellScriptBuildPhase;
			buildActionMask = 2147483647;
			files = (
			);
			inputPaths = (
			);
			name = "[CP] Check Pods Manifest.lock";
			outputPaths = (
			);
			runOnlyForDeploymentPostprocessing = 0;
			shellPath = /bin/sh;
			shellScript = "diff \"${PODS_ROOT}/../Podfile.lock\" \"${PODS_ROOT}/Manifest.lock\" > /dev/null\nif [ $? != 0 ] ; then\n    # print error to STDERR\n    echo \"error: The sandbox is not in sync with the Podfile.lock. Run 'pod install' or update your CocoaPods installation.\" >&2\n    exit 1\nfi\n";
			showEnvVarsInLog = 0;
		};
		A12A13A836F2D72B5C8EF887 /* [CP] Copy Pods Resources */ = {
			isa = PBXShellScriptBuildPhase;
			buildActionMask = 2147483647;
			files = (
			);
			inputPaths = (
			);
			name = "[CP] Copy Pods Resources";
			outputPaths = (
			);
			runOnlyForDeploymentPostprocessing = 0;
			shellPath = /bin/sh;
			shellScript = "\"${SRCROOT}/Pods/Target Support Files/Pods-TESwift/Pods-TESwift-resources.sh\"\n";
			showEnvVarsInLog = 0;
		};
/* End PBXShellScriptBuildPhase section */

/* Begin PBXSourcesBuildPhase section */
		186A23A61DF9431E005E78D2 /* Sources */ = {
			isa = PBXSourcesBuildPhase;
			buildActionMask = 2147483647;
			files = (
				A1D555D81DFAFED60077EF4E /* SignUpViewController.swift in Sources */,
				188C8EBE1DF979C300C2D52E /* UIProgressView+AFNetworking.m in Sources */,
				188C8EB71DF979C300C2D52E /* AFURLSessionManager.m in Sources */,
				189277921E0179A2000E2732 /* UserDetails+CoreDataClass.swift in Sources */,
				188C8EC01DF979C300C2D52E /* UIWebView+AFNetworking.m in Sources */,
				188C8EBD1DF979C300C2D52E /* UIImageView+AFNetworking.m in Sources */,
				1892778F1E01784C000E2732 /* TESwift.xcdatamodeld in Sources */,
				188C8EC41DF97D6900C2D52E /* BaseViewController.swift in Sources */,
				188C8EBC1DF979C300C2D52E /* UIButton+AFNetworking.m in Sources */,
				1888E9621E000D9100AC5575 /* NSDictionary+Utility.swift in Sources */,
				188FEAAB1DFEB52F00C8A181 /* MyDashBoardViewController.swift in Sources */,
				186A23AE1DF9431E005E78D2 /* AppDelegate.swift in Sources */,
				188C8EB31DF979C300C2D52E /* AFNetworkReachabilityManager.m in Sources */,
				18C7DE461DFEED7A00D635BD /* LeftMenuViewController.swift in Sources */,
				184C42591DFA983F001B576A /* LogInViewController.swift in Sources */,
				18E7AD3C1E01386F00E1FC58 /* TESwiftModel.m in Sources */,
				188C8EBF1DF979C300C2D52E /* UIRefreshControl+AFNetworking.m in Sources */,
				180EDA1F1E0122A70065BF6B /* SocialConnectViewController.swift in Sources */,
				188C8EB81DF979C300C2D52E /* AFAutoPurgingImageCache.m in Sources */,
				189277931E0179A2000E2732 /* UserDetails+CoreDataProperties.swift in Sources */,
				188C8EB41DF979C300C2D52E /* AFSecurityPolicy.m in Sources */,
				189B54891DF9857D0091FDAD /* TEServiceCall.swift in Sources */,
				180EDA211E0135320065BF6B /* SocialLoginViewController.swift in Sources */,
				1888E9661E00139800AC5575 /* UIColor+Utilities.swift in Sources */,
				A1D555D61DFAF9B30077EF4E /* Constant.swift in Sources */,
				188C8EB51DF979C300C2D52E /* AFURLRequestSerialization.m in Sources */,
				188C8EBA1DF979C300C2D52E /* AFNetworkActivityIndicatorManager.m in Sources */,
				180EDA2F1E01765D0065BF6B /* UIImageView+Utilities.swift in Sources */,
				188C8EB61DF979C300C2D52E /* AFURLResponseSerialization.m in Sources */,
				1888E9601E000D6500AC5575 /* String+Utilities.swift in Sources */,
				180EDA2D1E01765D0065BF6B /* UIImage+ResizeAndFitImage.m in Sources */,
				188C8EB21DF979C300C2D52E /* AFHTTPSessionManager.m in Sources */,
				187E7D871DFEC75D00896C18 /* CommonSetting.swift in Sources */,
				188C8EB91DF979C300C2D52E /* AFImageDownloader.m in Sources */,
				188C8EBB1DF979C300C2D52E /* UIActivityIndicatorView+AFNetworking.m in Sources */,
			);
			runOnlyForDeploymentPostprocessing = 0;
		};
/* End PBXSourcesBuildPhase section */

/* Begin PBXVariantGroup section */
		1878C81F1DF9491C00DAC10E /* LaunchScreen.storyboard */ = {
			isa = PBXVariantGroup;
			children = (
				1878C8201DF9491C00DAC10E /* Base */,
			);
			name = LaunchScreen.storyboard;
			sourceTree = "<group>";
		};
		1878C8211DF9491C00DAC10E /* Main.storyboard */ = {
			isa = PBXVariantGroup;
			children = (
				1878C8221DF9491C00DAC10E /* Base */,
			);
			name = Main.storyboard;
			sourceTree = "<group>";
		};
		188FEAA71DFEB4ED00C8A181 /* Storyboard.storyboard */ = {
			isa = PBXVariantGroup;
			children = (
				188FEAA81DFEB4ED00C8A181 /* Base */,
			);
			name = Storyboard.storyboard;
			sourceTree = "<group>";
		};
/* End PBXVariantGroup section */

/* Begin XCBuildConfiguration section */
		186A23BD1DF9431E005E78D2 /* Debug */ = {
			isa = XCBuildConfiguration;
			buildSettings = {
				ALWAYS_SEARCH_USER_PATHS = NO;
				CLANG_ANALYZER_NONNULL = YES;
				CLANG_CXX_LANGUAGE_STANDARD = "gnu++0x";
				CLANG_CXX_LIBRARY = "libc++";
				CLANG_ENABLE_MODULES = YES;
				CLANG_ENABLE_OBJC_ARC = YES;
				CLANG_WARN_BOOL_CONVERSION = YES;
				CLANG_WARN_CONSTANT_CONVERSION = YES;
				CLANG_WARN_DIRECT_OBJC_ISA_USAGE = YES_ERROR;
				CLANG_WARN_DOCUMENTATION_COMMENTS = YES;
				CLANG_WARN_EMPTY_BODY = YES;
				CLANG_WARN_ENUM_CONVERSION = YES;
				CLANG_WARN_INFINITE_RECURSION = YES;
				CLANG_WARN_INT_CONVERSION = YES;
				CLANG_WARN_OBJC_ROOT_CLASS = YES_ERROR;
				CLANG_WARN_SUSPICIOUS_MOVES = YES;
				CLANG_WARN_UNREACHABLE_CODE = YES;
				CLANG_WARN__DUPLICATE_METHOD_MATCH = YES;
				"CODE_SIGN_IDENTITY[sdk=iphoneos*]" = "iPhone Developer";
				COPY_PHASE_STRIP = NO;
				DEBUG_INFORMATION_FORMAT = dwarf;
				ENABLE_STRICT_OBJC_MSGSEND = YES;
				ENABLE_TESTABILITY = YES;
				GCC_C_LANGUAGE_STANDARD = gnu99;
				GCC_DYNAMIC_NO_PIC = NO;
				GCC_NO_COMMON_BLOCKS = YES;
				GCC_OPTIMIZATION_LEVEL = 0;
				GCC_PREPROCESSOR_DEFINITIONS = (
					"DEBUG=1",
					"$(inherited)",
				);
				GCC_WARN_64_TO_32_BIT_CONVERSION = YES;
				GCC_WARN_ABOUT_RETURN_TYPE = YES_ERROR;
				GCC_WARN_UNDECLARED_SELECTOR = YES;
				GCC_WARN_UNINITIALIZED_AUTOS = YES_AGGRESSIVE;
				GCC_WARN_UNUSED_FUNCTION = YES;
				GCC_WARN_UNUSED_VARIABLE = YES;
				IPHONEOS_DEPLOYMENT_TARGET = 10.0;
				MTL_ENABLE_DEBUG_INFO = YES;
				ONLY_ACTIVE_ARCH = YES;
				SDKROOT = iphoneos;
				SWIFT_ACTIVE_COMPILATION_CONDITIONS = DEBUG;
				SWIFT_OPTIMIZATION_LEVEL = "-Onone";
				SWIFT_VERSION = 3.0;
				TARGETED_DEVICE_FAMILY = "1,2";
			};
			name = Debug;
		};
		186A23BE1DF9431E005E78D2 /* Release */ = {
			isa = XCBuildConfiguration;
			buildSettings = {
				ALWAYS_SEARCH_USER_PATHS = NO;
				CLANG_ANALYZER_NONNULL = YES;
				CLANG_CXX_LANGUAGE_STANDARD = "gnu++0x";
				CLANG_CXX_LIBRARY = "libc++";
				CLANG_ENABLE_MODULES = YES;
				CLANG_ENABLE_OBJC_ARC = YES;
				CLANG_WARN_BOOL_CONVERSION = YES;
				CLANG_WARN_CONSTANT_CONVERSION = YES;
				CLANG_WARN_DIRECT_OBJC_ISA_USAGE = YES_ERROR;
				CLANG_WARN_DOCUMENTATION_COMMENTS = YES;
				CLANG_WARN_EMPTY_BODY = YES;
				CLANG_WARN_ENUM_CONVERSION = YES;
				CLANG_WARN_INFINITE_RECURSION = YES;
				CLANG_WARN_INT_CONVERSION = YES;
				CLANG_WARN_OBJC_ROOT_CLASS = YES_ERROR;
				CLANG_WARN_SUSPICIOUS_MOVES = YES;
				CLANG_WARN_UNREACHABLE_CODE = YES;
				CLANG_WARN__DUPLICATE_METHOD_MATCH = YES;
				"CODE_SIGN_IDENTITY[sdk=iphoneos*]" = "iPhone Developer";
				COPY_PHASE_STRIP = NO;
				DEBUG_INFORMATION_FORMAT = "dwarf-with-dsym";
				ENABLE_NS_ASSERTIONS = NO;
				ENABLE_STRICT_OBJC_MSGSEND = YES;
				GCC_C_LANGUAGE_STANDARD = gnu99;
				GCC_NO_COMMON_BLOCKS = YES;
				GCC_WARN_64_TO_32_BIT_CONVERSION = YES;
				GCC_WARN_ABOUT_RETURN_TYPE = YES_ERROR;
				GCC_WARN_UNDECLARED_SELECTOR = YES;
				GCC_WARN_UNINITIALIZED_AUTOS = YES_AGGRESSIVE;
				GCC_WARN_UNUSED_FUNCTION = YES;
				GCC_WARN_UNUSED_VARIABLE = YES;
				IPHONEOS_DEPLOYMENT_TARGET = 10.0;
				MTL_ENABLE_DEBUG_INFO = NO;
				SDKROOT = iphoneos;
				SWIFT_OPTIMIZATION_LEVEL = "-Owholemodule";
				SWIFT_VERSION = 3.0;
				TARGETED_DEVICE_FAMILY = "1,2";
				VALIDATE_PRODUCT = YES;
			};
			name = Release;
		};
		186A23C01DF9431E005E78D2 /* Debug */ = {
			isa = XCBuildConfiguration;
			baseConfigurationReference = C9FEF4390619399CADF35F6A /* Pods-TESwift.debug.xcconfig */;
			buildSettings = {
				ASSETCATALOG_COMPILER_APPICON_NAME = AppIcon;
				DEVELOPMENT_TEAM = NQL478KXAA;
				INFOPLIST_FILE = TESwift/Info.plist;
				LD_RUNPATH_SEARCH_PATHS = "$(inherited) @executable_path/Frameworks";
				PRODUCT_BUNDLE_IDENTIFIER = com.vgroup.TESwift;
				PRODUCT_NAME = "$(TARGET_NAME)";
				SWIFT_OBJC_BRIDGING_HEADER = "TESwift/TESwift-Bridging-Header.h";
				SWIFT_VERSION = 3.0;
				TARGETED_DEVICE_FAMILY = "1,2";
			};
			name = Debug;
		};
		186A23C11DF9431E005E78D2 /* Release */ = {
			isa = XCBuildConfiguration;
			baseConfigurationReference = 6BB637C563D0A7632130E645 /* Pods-TESwift.release.xcconfig */;
			buildSettings = {
				ASSETCATALOG_COMPILER_APPICON_NAME = AppIcon;
				DEVELOPMENT_TEAM = NQL478KXAA;
				INFOPLIST_FILE = TESwift/Info.plist;
				LD_RUNPATH_SEARCH_PATHS = "$(inherited) @executable_path/Frameworks";
				PRODUCT_BUNDLE_IDENTIFIER = com.vgroup.TESwift;
				PRODUCT_NAME = "$(TARGET_NAME)";
				SWIFT_OBJC_BRIDGING_HEADER = "TESwift/TESwift-Bridging-Header.h";
				SWIFT_VERSION = 3.0;
				TARGETED_DEVICE_FAMILY = "1,2";
			};
			name = Release;
		};
/* End XCBuildConfiguration section */

/* Begin XCConfigurationList section */
		186A23A51DF9431E005E78D2 /* Build configuration list for PBXProject "TESwift" */ = {
			isa = XCConfigurationList;
			buildConfigurations = (
				186A23BD1DF9431E005E78D2 /* Debug */,
				186A23BE1DF9431E005E78D2 /* Release */,
			);
			defaultConfigurationIsVisible = 0;
			defaultConfigurationName = Release;
		};
		186A23BF1DF9431E005E78D2 /* Build configuration list for PBXNativeTarget "TESwift" */ = {
			isa = XCConfigurationList;
			buildConfigurations = (
				186A23C01DF9431E005E78D2 /* Debug */,
				186A23C11DF9431E005E78D2 /* Release */,
			);
			defaultConfigurationIsVisible = 0;
			defaultConfigurationName = Release;
		};
/* End XCConfigurationList section */

/* Begin XCVersionGroup section */
		1892778D1E01784C000E2732 /* TESwift.xcdatamodeld */ = {
			isa = XCVersionGroup;
			children = (
				1892778E1E01784C000E2732 /* TESwift.xcdatamodel */,
			);
			currentVersion = 1892778E1E01784C000E2732 /* TESwift.xcdatamodel */;
			path = TESwift.xcdatamodeld;
			sourceTree = "<group>";
			versionGroupType = wrapper.xcdatamodel;
		};
/* End XCVersionGroup section */
	};
	rootObject = 186A23A21DF9431E005E78D2 /* Project object */;
}
